// !$*UTF8*$!
{
	archiveVersion = 1;
	classes = {
	};
	objectVersion = 56;
	objects = {

/* Begin PBXBuildFile section */
		A1B2C3D4E5F6G7H8 /* OllamaMacOSAppApp.swift in Sources */ = {isa = PBXBuildFile; fileRef = A1B2C3D4E5F6G7H9 /* OllamaMacOSAppApp.swift */; };
		A1B2C3D4E5F6G7HA /* ContentView.swift in Sources */ = {isa = PBXBuildFile; fileRef = A1B2C3D4E5F6G7HB /* ContentView.swift */; };
		A1B2C3D4E5F6G7HC /* MemoryManager.swift in Sources */ = {isa = PBXBuildFile; fileRef = A1B2C3D4E5F6G7HD /* MemoryManager.swift */; };
		A1B2C3D4E5F6G7HE /* OllamaManager.swift in Sources */ = {isa = PBXBuildFile; fileRef = A1B2C3D4E5F6G7HF /* OllamaManager.swift */; };
		A1B2C3D4E5F6G7HG /* TerminalView.swift in Sources */ = {isa = PBXBuildFile; fileRef = A1B2C3D4E5F6G7HH /* TerminalView.swift */; };
		A1B2C3D4E5F6G7HI /* BrowserView.swift in Sources */ = {isa = PBXBuildFile; fileRef = A1B2C3D4E5F6G7HJ /* BrowserView.swift */; };
		A1B2C3D4E5F6G7HK /* AgentsView.swift in Sources */ = {isa = PBXBuildFile; fileRef = A1B2C3D4E5F6G7HL /* AgentsView.swift */; };
		A1B2C3D4E5F6G7HM /* SettingsView.swift in Sources */ = {isa = PBXBuildFile; fileRef = A1B2C3D4E5F6G7HN /* SettingsView.swift */; };
		A1B2C3D4E5F6G7HO /* VMManger.swift in Sources */ = {isa = PBXBuildFile; fileRef = A1B2C3D4E5F6G7HP /* VMManger.swift */; };
		A1B2C3D4E5F6G7HQ /* AIAgent.swift in Sources */ = {isa = PBXBuildFile; fileRef = A1B2C3D4E5F6G7HR /* AIAgent.swift */; };
		A1B2C3D4E5F6G7HS /* AIAgentView.swift in Sources */ = {isa = PBXBuildFile; fileRef = A1B2C3D4E5F6G7HT /* AIAgentView.swift */; };
		A1B2C3D4E5F6G7J1 /* RAMObserver.swift in Sources */ = {isa = PBXBuildFile; fileRef = A1B2C3D4E5F6G7J2 /* RAMObserver.swift */; };
		A1B2C3D4E5F6G7J3 /* MemoryPacket.swift in Sources */ = {isa = PBXBuildFile; fileRef = A1B2C3D4E5F6G7J4 /* MemoryPacket.swift */; };
		A1B2C3D4E5F6G7J5 /* ContextCompressor.swift in Sources */ = {isa = PBXBuildFile; fileRef = A1B2C3D4E5F6G7J6 /* ContextCompressor.swift */; };
		A1B2C3D4E5F6G7J7 /* KVContextGovernor.swift in Sources */ = {isa = PBXBuildFile; fileRef = A1B2C3D4E5F6G7J8 /* KVContextGovernor.swift */; };
		A1B2C3D4E5F6G7J9 /* QualityVerifier.swift in Sources */ = {isa = PBXBuildFile; fileRef = A1B2C3D4E5F6G7JA /* QualityVerifier.swift */; };
		A1B2C3D4E5F6G7JB /* OperatingModes.swift in Sources */ = {isa = PBXBuildFile; fileRef = A1B2C3D4E5F6G7JC /* OperatingModes.swift */; };
		A1B2C3D4E5F6G7JD /* OllamaMemoryLevers.swift in Sources */ = {isa = PBXBuildFile; fileRef = A1B2C3D4E5F6G7JE /* OllamaMemoryLevers.swift */; };
		A1B2C3D4E5F6G7JF /* CognitionCompressionAlgorithm.swift in Sources */ = {isa = PBXBuildFile; fileRef = A1B2C3D4E5F6G7JG /* CognitionCompressionAlgorithm.swift */; };
		A1B2C3D4E5F6G7JH /* CompressionReceiptSystem.swift in Sources */ = {isa = PBXBuildFile; fileRef = A1B2C3D4E5F6G7JI /* CompressionReceiptSystem.swift */; };
		A1B2C3D4E5F6G7JJ /* ModelResidencyController.swift in Sources */ = {isa = PBXBuildFile; fileRef = A1B2C3D4E5F6G7JK /* ModelResidencyController.swift */; };
		A1B2C3D4E5F6G7JL /* RepoCognitionCompressor.swift in Sources */ = {isa = PBXBuildFile; fileRef = A1B2C3D4E5F6G7JM /* RepoCognitionCompressor.swift */; };
		A1B2C3D4E5F6G7JN /* MLXPCAWorker.swift in Sources */ = {isa = PBXBuildFile; fileRef = A1B2C3D4E5F6G7JO /* MLXPCAWorker.swift */; };
		A1B2C3D4E5F6G7JP /* OllamaObserver.swift in Sources */ = {isa = PBXBuildFile; fileRef = A1B2C3D4E5F6G7JQ /* OllamaObserver.swift */; };
		A1B2C3D4E5F6G7JR /* OllamaCogRamLoop.swift in Sources */ = {isa = PBXBuildFile; fileRef = A1B2C3D4E5F6G7JS /* OllamaCogRamLoop.swift */; };
		A1B2C3D4E5F6G7JT /* MemoryPolicyRules.swift in Sources */ = {isa = PBXBuildFile; fileRef = A1B2C3D4E5F6G7JU /* MemoryPolicyRules.swift */; };
		A1B2C3D4E5F6G7JV /* BenchmarkProtocol.swift in Sources */ = {isa = PBXBuildFile; fileRef = A1B2C3D4E5F6G7JW /* BenchmarkProtocol.swift */; };
		A1B2C3D4E5F6G7JX /* AutonomousAgent.swift in Sources */ = {isa = PBXBuildFile; fileRef = A1B2C3D4E5F6G7JY /* AutonomousAgent.swift */; };
		A1B2C3D4E5F6G7JZ /* DesktopAssistantView.swift in Sources */ = {isa = PBXBuildFile; fileRef = A1B2C3D4E5F6G7K0 /* DesktopAssistantView.swift */; };
/* End PBXBuildFile section */

/* Begin PBXFileReference section */
		A1B2C3D4E5F6G7H0 /* OllamaMacOSApp.app */ = {isa = PBXFileReference; explicitFileType = wrapper.application; includeInIndex = 0; path = OllamaMacOSApp.app; sourceTree = BUILT_PRODUCTS_DIR; };
		A1B2C3D4E5F6G7H9 /* OllamaMacOSAppApp.swift */ = {isa = PBXFileReference; lastKnownFileType = sourcecode.swift; path = OllamaMacOSAppApp.swift; sourceTree = "<group>"; };
		A1B2C3D4E5F6G7HB /* ContentView.swift */ = {isa = PBXFileReference; lastKnownFileType = sourcecode.swift; path = ContentView.swift; sourceTree = "<group>"; };
		A1B2C3D4E5F6G7HD /* MemoryManager.swift */ = {isa = PBXFileReference; lastKnownFileType = sourcecode.swift; path = MemoryManager.swift; sourceTree = "<group>"; };
		A1B2C3D4E5F6G7HF /* OllamaManager.swift */ = {isa = PBXFileReference; lastKnownFileType = sourcecode.swift; path = OllamaManager.swift; sourceTree = "<group>"; };
		A1B2C3D4E5F6G7HH /* TerminalView.swift */ = {isa = PBXFileReference; lastKnownFileType = sourcecode.swift; path = TerminalView.swift; sourceTree = "<group>"; };
		A1B2C3D4E5F6G7HJ /* BrowserView.swift */ = {isa = PBXFileReference; lastKnownFileType = sourcecode.swift; path = BrowserView.swift; sourceTree = "<group>"; };
		A1B2C3D4E5F6G7HL /* AgentsView.swift */ = {isa = PBXFileReference; lastKnownFileType = sourcecode.swift; path = AgentsView.swift; sourceTree = "<group>"; };
		A1B2C3D4E5F6G7HN /* SettingsView.swift */ = {isa = PBXFileReference; lastKnownFileType = sourcecode.swift; path = SettingsView.swift; sourceTree = "<group>"; };
		A1B2C3D4E5F6G7HP /* VMManger.swift */ = {isa = PBXFileReference; lastKnownFileType = sourcecode.swift; path = VMManger.swift; sourceTree = "<group>"; };
		A1B2C3D4E5F6G7HR /* AIAgent.swift */ = {isa = PBXFileReference; lastKnownFileType = sourcecode.swift; path = AIAgent.swift; sourceTree = "<group>"; };
		A1B2C3D4E5F6G7HT /* AIAgentView.swift */ = {isa = PBXFileReference; lastKnownFileType = sourcecode.swift; path = AIAgentView.swift; sourceTree = "<group>"; };
		A1B2C3D4E5F6G7J2 /* RAMObserver.swift */ = {isa = PBXFileReference; lastKnownFileType = sourcecode.swift; path = RAMObserver.swift; sourceTree = "<group>"; };
		A1B2C3D4E5F6G7J4 /* MemoryPacket.swift */ = {isa = PBXFileReference; lastKnownFileType = sourcecode.swift; path = MemoryPacket.swift; sourceTree = "<group>"; };
		A1B2C3D4E5F6G7J6 /* ContextCompressor.swift */ = {isa = PBXFileReference; lastKnownFileType = sourcecode.swift; path = ContextCompressor.swift; sourceTree = "<group>"; };
		A1B2C3D4E5F6G7J8 /* KVContextGovernor.swift */ = {isa = PBXFileReference; lastKnownFileType = sourcecode.swift; path = KVContextGovernor.swift; sourceTree = "<group>"; };
		A1B2C3D4E5F6G7JA /* QualityVerifier.swift */ = {isa = PBXFileReference; lastKnownFileType = sourcecode.swift; path = QualityVerifier.swift; sourceTree = "<group>"; };
		A1B2C3D4E5F6G7JC /* OperatingModes.swift */ = {isa = PBXFileReference; lastKnownFileType = sourcecode.swift; path = OperatingModes.swift; sourceTree = "<group>"; };
		A1B2C3D4E5F6G7JE /* OllamaMemoryLevers.swift */ = {isa = PBXFileReference; lastKnownFileType = sourcecode.swift; path = OllamaMemoryLevers.swift; sourceTree = "<group>"; };
		A1B2C3D4E5F6G7JG /* CognitionCompressionAlgorithm.swift */ = {isa = PBXFileReference; lastKnownFileType = sourcecode.swift; path = CognitionCompressionAlgorithm.swift; sourceTree = "<group>"; };
		A1B2C3D4E5F6G7JI /* CompressionReceiptSystem.swift */ = {isa = PBXFileReference; lastKnownFileType = sourcecode.swift; path = CompressionReceiptSystem.swift; sourceTree = "<group>"; };
		A1B2C3D4E5F6G7JK /* ModelResidencyController.swift */ = {isa = PBXFileReference; lastKnownFileType = sourcecode.swift; path = ModelResidencyController.swift; sourceTree = "<group>"; };
		A1B2C3D4E5F6G7JM /* RepoCognitionCompressor.swift */ = {isa = PBXFileReference; lastKnownFileType = sourcecode.swift; path = RepoCognitionCompressor.swift; sourceTree = "<group>"; };
		A1B2C3D4E5F6G7JO /* MLXPCAWorker.swift */ = {isa = PBXFileReference; lastKnownFileType = sourcecode.swift; path = MLXPCAWorker.swift; sourceTree = "<group>"; };
		A1B2C3D4E5F6G7JQ /* OllamaObserver.swift */ = {isa = PBXFileReference; lastKnownFileType = sourcecode.swift; path = OllamaObserver.swift; sourceTree = "<group>"; };
		A1B2C3D4E5F6G7JS /* OllamaCogRamLoop.swift */ = {isa = PBXFileReference; lastKnownFileType = sourcecode.swift; path = OllamaCogRamLoop.swift; sourceTree = "<group>"; };
		A1B2C3D4E5F6G7JU /* MemoryPolicyRules.swift */ = {isa = PBXFileReference; lastKnownFileType = sourcecode.swift; path = MemoryPolicyRules.swift; sourceTree = "<group>"; };
		A1B2C3D4E5F6G7JW /* BenchmarkProtocol.swift */ = {isa = PBXFileReference; lastKnownFileType = sourcecode.swift; path = BenchmarkProtocol.swift; sourceTree = "<group>"; };
		A1B2C3D4E5F6G7JY /* AutonomousAgent.swift */ = {isa = PBXFileReference; lastKnownFileType = sourcecode.swift; path = AutonomousAgent.swift; sourceTree = "<group>"; };
		A1B2C3D4E5F6G7K0 /* DesktopAssistantView.swift */ = {isa = PBXFileReference; lastKnownFileType = sourcecode.swift; path = DesktopAssistantView.swift; sourceTree = "<group>"; };
		A1B2C3D4E5F6G7HU /* Info.plist */ = {isa = PBXFileReference; lastKnownFileType = text.plist.xml; path = Info.plist; sourceTree = "<group>"; };
		A1B2C3D4E5F6G7HV /* OllamaMacOSApp.entitlements */ = {isa = PBXFileReference; lastKnownFileType = text.plist.entitlements; path = OllamaMacOSApp.entitlements; sourceTree = "<group>"; };
/* End PBXFileReference section */

/* Begin PBXFrameworksBuildPhase section */
		A1B2C3D4E5F6G7I0 /* Frameworks */ = {
			isa = PBXFrameworksBuildPhase;
			buildActionMask = 2147483647;
			files = (
			);
			runOnlyForDeploymentPostprocessing = 0;
		};
/* End PBXFrameworksBuildPhase section */

/* Begin PBXGroup section */
		A1B2C3D4E5F6G7J0 = {
			isa = PBXGroup;
			children = (
				A1B2C3D4E5F6G7K0 /* OllamaMacOSApp */,
				A1B2C3D4E5F6G7L0 /* Products */,
			);
			sourceTree = "<group>";
		};
		A1B2C3D4E5F6G7K0 /* OllamaMacOSApp */ = {
			isa = PBXGroup;
			children = (
				A1B2C3D4E5F6G7H9 /* OllamaMacOSAppApp.swift */,
				A1B2C3D4E5F6G7HB /* ContentView.swift */,
				A1B2C3D4E5F6G7HD /* MemoryManager.swift */,
				A1B2C3D4E5F6G7HF /* OllamaManager.swift */,
				A1B2C3D4E5F6G7HH /* TerminalView.swift */,
				A1B2C3D4E5F6G7HJ /* BrowserView.swift */,
				A1B2C3D4E5F6G7HL /* AgentsView.swift */,
				A1B2C3D4E5F6G7HN /* SettingsView.swift */,
				A1B2C3D4E5F6G7HP /* VMManger.swift */,
				A1B2C3D4E5F6G7HR /* AIAgent.swift */,
				A1B2C3D4E5F6G7HT /* AIAgentView.swift */,
				A1B2C3D4E5F6G7J2 /* RAMObserver.swift */,
				A1B2C3D4E5F6G7J4 /* MemoryPacket.swift */,
				A1B2C3D4E5F6G7J6 /* ContextCompressor.swift */,
				A1B2C3D4E5F6G7J8 /* KVContextGovernor.swift */,
				A1B2C3D4E5F6G7JA /* QualityVerifier.swift */,
				A1B2C3D4E5F6G7JC /* OperatingModes.swift */,
				A1B2C3D4E5F6G7JE /* OllamaMemoryLevers.swift */,
				A1B2C3D4E5F6G7JG /* CognitionCompressionAlgorithm.swift */,
				A1B2C3D4E5F6G7JI /* CompressionReceiptSystem.swift */,
				A1B2C3D4E5F6G7JK /* ModelResidencyController.swift */,
				A1B2C3D4E5F6G7JM /* RepoCognitionCompressor.swift */,
				A1B2C3D4E5F6G7JO /* MLXPCAWorker.swift */,
				A1B2C3D4E5F6G7JQ /* OllamaObserver.swift */,
				A1B2C3D4E5F6G7JS /* OllamaCogRamLoop.swift */,
				A1B2C3D4E5F6G7JU /* MemoryPolicyRules.swift */,
				A1B2C3D4E5F6G7JW /* BenchmarkProtocol.swift */,
				A1B2C3D4E5F6G7JY /* AutonomousAgent.swift */,
				A1B2C3D4E5F6G7K0 /* DesktopAssistantView.swift */,
				A1B2C3D4E5F6G7HU /* Info.plist */,
				A1B2C3D4E5F6G7HV /* OllamaMacOSApp.entitlements */,
			);
			path = OllamaMacOSApp;
			sourceTree = "<group>";
		};
		A1B2C3D4E5F6G7L0 /* Products */ = {
			isa = PBXGroup;
			children = (
				A1B2C3D4E5F6G7H0 /* OllamaMacOSApp.app */,
			);
			name = Products;
			sourceTree = "<group>";
		};
/* End PBXGroup section */

/* Begin PBXNativeTarget section */
		A1B2C3D4E5F6G7M0 /* OllamaMacOSApp */ = {
			isa = PBXNativeTarget;
			buildConfigurationList = A1B2C3D4E5F6G7N0 /* Build configuration list for PBXNativeTarget "OllamaMacOSApp" */;
			buildPhases = (
				A1B2C3D4E5F6G7O0 /* Sources */,
				A1B2C3D4E5F6G7I0 /* Frameworks */,
				A1B2C3D4E5F6G7P0 /* Resources */,
			);
			buildRules = (
			);
			dependencies = (
			);
			name = OllamaMacOSApp;
			productName = OllamaMacOSApp;
			productReference = A1B2C3D4E5F6G7H0 /* OllamaMacOSApp.app */;
			productType = "com.apple.product-type.application";
		};
/* End PBXNativeTarget section */

/* Begin PBXProject section */
		A1B2C3D4E5F6G7Q0 /* Project object */ = {
			isa = PBXProject;
			attributes = {
				BuildIndependentTargetsInParallel = 1;
				LastSwiftUpdateCheck = 1500;
				LastUpgradeCheck = 1500;
				TargetAttributes = {
					A1B2C3D4E5F6G7M0 = {
						CreatedOnToolsVersion = 15.0;
					};
				};
			};
			buildConfigurationList = A1B2C3D4E5F6G7R0 /* Build configuration list for PBXProject "OllamaMacOSApp" */;
			compatibilityVersion = "Xcode 14.0";
			developmentRegion = en;
			hasScannedForEncodings = 0;
			knownRegions = (
				en,
				Base,
			);
			mainGroup = A1B2C3D4E5F6G7J0;
			productRefGroup = A1B2C3D4E5F6G7L0 /* Products */;
			projectDirPath = "";
			projectRoot = "";
			targets = (
				A1B2C3D4E5F6G7M0 /* OllamaMacOSApp */,
			);
		};
/* End PBXProject section */

/* Begin PBXResourcesBuildPhase section */
		A1B2C3D4E5F6G7P0 /* Resources */ = {
			isa = PBXResourcesBuildPhase;
			buildActionMask = 2147483647;
			files = (
			);
			runOnlyForDeploymentPostprocessing = 0;
		};
/* End PBXResourcesBuildPhase section */

/* Begin PBXSourcesBuildPhase section */
		A1B2C3D4E5F6G7O0 /* Sources */ = {
			isa = PBXSourcesBuildPhase;
			buildActionMask = 2147483647;
			files = (
				A1B2C3D4E5F6G7H8 /* OllamaMacOSAppApp.swift in Sources */,
				A1B2C3D4E5F6G7HA /* ContentView.swift in Sources */,
				A1B2C3D4E5F6G7HC /* MemoryManager.swift in Sources */,
				A1B2C3D4E5F6G7HE /* OllamaManager.swift in Sources */,
				A1B2C3D4E5F6G7HG /* TerminalView.swift in Sources */,
				A1B2C3D4E5F6G7HI /* BrowserView.swift in Sources */,
				A1B2C3D4E5F6G7HK /* AgentsView.swift in Sources */,
				A1B2C3D4E5F6G7HM /* SettingsView.swift in Sources */,
				A1B2C3D4E5F6G7HO /* VMManger.swift in Sources */,
				A1B2C3D4E5F6G7HQ /* AIAgent.swift in Sources */,
				A1B2C3D4E5F6G7HS /* AIAgentView.swift in Sources */,
				A1B2C3D4E5F6G7J1 /* RAMObserver.swift in Sources */,
				A1B2C3D4E5F6G7J3 /* MemoryPacket.swift in Sources */,
				A1B2C3D4E5F6G7J5 /* ContextCompressor.swift in Sources */,
				A1B2C3D4E5F6G7J7 /* KVContextGovernor.swift in Sources */,
				A1B2C3D4E5F6G7J9 /* QualityVerifier.swift in Sources */,
				A1B2C3D4E5F6G7JB /* OperatingModes.swift in Sources */,
				A1B2C3D4E5F6G7JD /* OllamaMemoryLevers.swift in Sources */,
				A1B2C3D4E5F6G7JF /* CognitionCompressionAlgorithm.swift in Sources */,
				A1B2C3D4E5F6G7JH /* CompressionReceiptSystem.swift in Sources */,
				A1B2C3D4E5F6G7JJ /* ModelResidencyController.swift in Sources */,
				A1B2C3D4E5F6G7JL /* RepoCognitionCompressor.swift in Sources */,
				A1B2C3D4E5F6G7JN /* MLXPCAWorker.swift in Sources */,
				A1B2C3D4E5F6G7JP /* OllamaObserver.swift in Sources */,
				A1B2C3D4E5F6G7JR /* OllamaCogRamLoop.swift in Sources */,
				A1B2C3D4E5F6G7JT /* MemoryPolicyRules.swift in Sources */,
				A1B2C3D4E5F6G7JV /* BenchmarkProtocol.swift in Sources */,
				A1B2C3D4E5F6G7JX /* AutonomousAgent.swift in Sources */,
				A1B2C3D4E5F6G7JZ /* DesktopAssistantView.swift in Sources */,
			);
			runOnlyForDeploymentPostprocessing = 0;
		};
/* End PBXSourcesBuildPhase section */

/* Begin XCBuildConfiguration section */
		A1B2C3D4E5F6G7S0 /* Debug */ = {
			isa = XCBuildConfiguration;
			buildSettings = {
				ALWAYS_SEARCH_USER_PATHS = NO;
				ASSETCATALOG_COMPILER_GENERATE_SWIFT_ASSET_SYMBOL_EXTENSIONS = YES;
				CLANG_ANALYZER_NONNULL = YES;
				CLANG_ANALYZER_NUMBER_OBJECT_CONVERSION = YES_AGGRESSIVE;
				CLANG_CXX_LANGUAGE_STANDARD = "gnu++20";
				CLANG_ENABLE_MODULES = YES;
				CLANG_ENABLE_OBJC_ARC = YES;
				CLANG_ENABLE_OBJC_WEAK = YES;
				CLANG_WARN_BLOCK_CAPTURE_AUTORELEASING = YES;
				CLANG_WARN_BOOL_CONVERSION = YES;
				CLANG_WARN_COMMA = YES;
				CLANG_WARN_CONSTANT_CONVERSION = YES;
				CLANG_WARN_DEPRECATED_OBJC_IMPLEMENTATIONS = YES;
				CLANG_WARN_DIRECT_OBJC_ISA_USAGE = YES_ERROR;
				CLANG_WARN_DOCUMENTATION_COMMENTS = YES;
				CLANG_WARN_EMPTY_BODY = YES;
				CLANG_WARN_ENUM_CONVERSION = YES;
				CLANG_WARN_INFINITE_RECURSION = YES;
				CLANG_WARN_INT_CONVERSION = YES;
				CLANG_WARN_NON_LITERAL_NULL_CONVERSION = YES;
				CLANG_WARN_OBJC_IMPLICIT_RETAIN_SELF = YES;
				CLANG_WARN_OBJC_LITERAL_CONVERSION = YES;
				CLANG_WARN_OBJC_ROOT_CLASS = YES_ERROR;
				CLANG_WARN_QUOTED_INCLUDE_IN_FRAMEWORK_HEADER = YES;
				CLANG_WARN_RANGE_LOOP_ANALYSIS = YES;
				CLANG_WARN_STRICT_PROTOTYPES = YES;
				CLANG_WARN_SUSPICIOUS_MOVE = YES;
				CLANG_WARN_UNGUARDED_AVAILABILITY = YES_AGGRESSIVE;
				CLANG_WARN_UNREACHABLE_CODE = YES;
				CLANG_WARN__DUPLICATE_METHOD_MATCH = YES;
				COPY_PHASE_STRIP = NO;
				DEBUG_INFORMATION_FORMAT = dwarf;
				ENABLE_STRICT_OBJC_MSGSEND = YES;
				ENABLE_TESTABILITY = YES;
				ENABLE_USER_SCRIPT_SANDBOXING = YES;
				GCC_C_LANGUAGE_STANDARD = gnu17;
				GCC_DYNAMIC_NO_PIC = NO;
				GCC_NO_COMMON_BLOCKS = YES;
				GCC_OPTIMIZATION_LEVEL = 0;
				GCC_PREPROCESSOR_DEFINITIONS = (
					"DEBUG=1",
					"$(inherited)",
				);
				GCC_WARN_64_TO_32_BIT_CONVERSION = YES;
				GCC_WARN_ABOUT_RETURN_TYPE = YES_ERROR;
				GCC_WARN_UNDECLARED_SELECTOR = YES;
				GCC_WARN_UNINITIALIZED_AUTOS = YES_AGGRESSIVE;
				GCC_WARN_UNUSED_FUNCTION = YES;
				GCC_WARN_UNUSED_VARIABLE = YES;
				LOCALIZATION_PREFERS_STRING_CATALOGS = YES;
				MACOSX_DEPLOYMENT_TARGET = 13.0;
				MTL_ENABLE_DEBUG_INFO = INCLUDE_SOURCE;
				MTL_FAST_MATH = YES;
				ONLY_ACTIVE_ARCH = YES;
				SDKROOT = macosx;
				SWIFT_ACTIVE_COMPILATION_CONDITIONS = "DEBUG $(inherited)";
				SWIFT_OPTIMIZATION_LEVEL = "-Onone";
			};
			name = Debug;
		};
		A1B2C3D4E5F6G7T0 /* Release */ = {
			isa = XCBuildConfiguration;
			buildSettings = {
				ALWAYS_SEARCH_USER_PATHS = NO;
				ASSETCATALOG_COMPILER_GENERATE_SWIFT_ASSET_SYMBOL_EXTENSIONS = YES;
				CLANG_ANALYZER_NONNULL = YES;
				CLANG_ANALYZER_NUMBER_OBJECT_CONVERSION = YES_AGGRESSIVE;
				CLANG_CXX_LANGUAGE_STANDARD = "gnu++20";
				CLANG_ENABLE_MODULES = YES;
				CLANG_ENABLE_OBJC_ARC = YES;
				CLANG_ENABLE_OBJC_WEAK = YES;
				CLANG_WARN_BLOCK_CAPTURE_AUTORELEASING = YES;
				CLANG_WARN_BOOL_CONVERSION = YES;
				CLANG_WARN_COMMA = YES;
				CLANG_WARN_CONSTANT_CONVERSION = YES;
				CLANG_WARN_DEPRECATED_OBJC_IMPLEMENTATIONS = YES;
				CLANG_WARN_DIRECT_OBJC_ISA_USAGE = YES_ERROR;
				CLANG_WARN_DOCUMENTATION_COMMENTS = YES;
				CLANG_WARN_EMPTY_BODY = YES;
				CLANG_WARN_ENUM_CONVERSION = YES;
				CLANG_WARN_INFINITE_RECURSION = YES;
				CLANG_WARN_INT_CONVERSION = YES;
				CLANG_WARN_NON_LITERAL_NULL_CONVERSION = YES;
				CLANG_WARN_OBJC_IMPLICIT_RETAIN_SELF = YES;
				CLANG_WARN_OBJC_LITERAL_CONVERSION = YES;
				CLANG_WARN_OBJC_ROOT_CLASS = YES_ERROR;
				CLANG_WARN_QUOTED_INCLUDE_IN_FRAMEWORK_HEADER = YES;
				CLANG_WARN_RANGE_LOOP_ANALYSIS = YES;
				CLANG_WARN_STRICT_PROTOTYPES = YES;
				CLANG_WARN_SUSPICIOUS_MOVE = YES;
				CLANG_WARN_UNGUARDED_AVAILABILITY = YES_AGGRESSIVE;
				CLANG_WARN_UNREACHABLE_CODE = YES;
				CLANG_WARN__DUPLICATE_METHOD_MATCH = YES;
				COPY_PHASE_STRIP = NO;
				DEBUG_INFORMATION_FORMAT = "dwarf-with-dsym";
				ENABLE_NS_ASSERTIONS = NO;
				ENABLE_STRICT_OBJC_MSGSEND = YES;
				ENABLE_USER_SCRIPT_SANDBOXING = YES;
				GCC_C_LANGUAGE_STANDARD = gnu17;
				GCC_NO_COMMON_BLOCKS = YES;
				GCC_WARN_64_TO_32_BIT_CONVERSION = YES;
				GCC_WARN_ABOUT_RETURN_TYPE = YES_ERROR;
				GCC_WARN_UNDECLARED_SELECTOR = YES;
				GCC_WARN_UNINITIALIZED_AUTOS = YES_AGGRESSIVE;
				GCC_WARN_UNUSED_FUNCTION = YES;
				GCC_WARN_UNUSED_VARIABLE = YES;
				LOCALIZATION_PREFERS_STRING_CATALOGS = YES;
				MACOSX_DEPLOYMENT_TARGET = 13.0;
				MTL_ENABLE_DEBUG_INFO = NO;
				MTL_FAST_MATH = YES;
				SDKROOT = macosx;
				SWIFT_COMPILATION_MODE = wholemodule;
			};
			name = Release;
		};
		A1B2C3D4E5F6G7U0 /* Debug */ = {
			isa = XCBuildConfiguration;
			buildSettings = {
				ASSETCATALOG_COMPILER_APPICON_NAME = AppIcon;
				CODE_SIGN_ENTITLEMENTS = OllamaMacOSApp/OllamaMacOSApp.entitlements;
				CODE_SIGN_STYLE = Automatic;
				COMBINE_HIDPI_IMAGES = YES;
				CURRENT_PROJECT_VERSION = 1;
				DEVELOPMENT_TEAM = "";
				ENABLE_HARDENED_RUNTIME = YES;
				ENABLE_PREVIEWS = YES;
				GENERATE_INFOPLIST_FILE = NO;
				INFOPLIST_FILE = OllamaMacOSApp/Info.plist;
				INFOPLIST_KEY_CFBundleDisplayName = "Ollama Compute Space";
				INFOPLIST_KEY_NSHumanReadableCopyright = "";
				LD_RUNPATH_SEARCH_PATHS = (
					"$(inherited)",
					"@executable_path/../Frameworks",
				);
				MARKETING_VERSION = 1.0;
				PRODUCT_BUNDLE_IDENTIFIER = com.ollamacomputespace.app;
				PRODUCT_NAME = "$(TARGET_NAME)";
				SWIFT_EMIT_LOC_STRINGS = YES;
				SWIFT_VERSION = 5.0;
			};
			name = Debug;
		};
		A1B2C3D4E5F6G7V0 /* Release */ = {
			isa = XCBuildConfiguration;
			buildSettings = {
				ASSETCATALOG_COMPILER_APPICON_NAME = AppIcon;
				CODE_SIGN_ENTITLEMENTS = OllamaMacOSApp/OllamaMacOSApp.entitlements;
				CODE_SIGN_STYLE = Automatic;
				COMBINE_HIDPI_IMAGES = YES;
				CURRENT_PROJECT_VERSION = 1;
				DEVELOPMENT_TEAM = "";
				ENABLE_HARDENED_RUNTIME = YES;
				ENABLE_PREVIEWS = YES;
				GENERATE_INFOPLIST_FILE = NO;
				INFOPLIST_FILE = OllamaMacOSApp/Info.plist;
				INFOPLIST_KEY_CFBundleDisplayName = "Ollama Compute Space";
				INFOPLIST_KEY_NSHumanReadableCopyright = "";
				LD_RUNPATH_SEARCH_PATHS = (
					"$(inherited)",
					"@executable_path/../Frameworks",
				);
				MARKETING_VERSION = 1.0;
				PRODUCT_BUNDLE_IDENTIFIER = com.ollamacomputespace.app;
				PRODUCT_NAME = "$(TARGET_NAME)";
				SWIFT_EMIT_LOC_STRINGS = YES;
				SWIFT_VERSION = 5.0;
			};
			name = Release;
		};
/* End XCBuildConfiguration section */

/* Begin XCConfigurationList section */
		A1B2C3D4E5F6G7N0 /* Build configuration list for PBXNativeTarget "OllamaMacOSApp" */ = {
			isa = XCConfigurationList;
			buildConfigurations = (
				A1B2C3D4E5F6G7U0 /* Debug */,
				A1B2C3D4E5F6G7V0 /* Release */,
			);
			defaultConfigurationIsVisible = 0;
			defaultConfigurationName = Release;
		};
		A1B2C3D4E5F6G7R0 /* Build configuration list for PBXProject "OllamaMacOSApp" */ = {
			isa = XCConfigurationList;
			buildConfigurations = (
				A1B2C3D4E5F6G7S0 /* Debug */,
				A1B2C3D4E5F6G7T0 /* Release */,
			);
			defaultConfigurationIsVisible = 0;
			defaultConfigurationName = Release;
		};
/* End XCConfigurationList section */
	};
	rootObject = A1B2C3D4E5F6G7Q0 /* Project object */;
}
